
Microsoft Visual Studio Solution File, Format Version 12.00
# Visual Studio 15
VisualStudioVersion = 15.0.28010.2048
MinimumVisualStudioVersion = 10.0.40219.1
Project("{FAE04EC0-301F-11D3-BF4B-00C04F79EFBC}") = "kargashop", "kargashop\kargashop.csproj", "{2D1EB68F-66A1-4B70-9D5A-9DBF5C98715A}"
EndProject
Global
	GlobalSection(SolutionConfigurationPlatforms) = preSolution
		Debug|Any CPU = Debug|Any CPU
		Release|Any CPU = Release|Any CPU
	EndGlobalSection
	GlobalSection(ProjectConfigurationPlatforms) = postSolution
		{2D1EB68F-66A1-4B70-9D5A-9DBF5C98715A}.Debug|Any CPU.ActiveCfg = Debug|Any CPU
		{2D1EB68F-66A1-4B70-9D5A-9DBF5C98715A}.Debug|Any CPU.Build.0 = Debug|Any CPU
		{2D1EB68F-66A1-4B70-9D5A-9DBF5C98715A}.Release|Any CPU.ActiveCfg = Release|Any CPU
		{2D1EB68F-66A1-4B70-9D5A-9DBF5C98715A}.Release|Any CPU.Build.0 = Release|Any CPU
	EndGlobalSection
	GlobalSection(SolutionProperties) = preSolution
		HideSolutionNode = FALSE
	EndGlobalSection
	GlobalSection(ExtensibilityGlobals) = postSolution
		SolutionGuid = {D2C2C6C0-1502-4CF0-B242-D915D99B07E0}
	EndGlobalSection
EndGlobal
